
Microsoft Visual Studio Solution File, Format Version 12.00
# Visual Studio 15
VisualStudioVersion = 15.0.26124.0
MinimumVisualStudioVersion = 15.0.26124.0
Project("{2150E333-8FDC-42A3-9474-1A3956D46DE8}") = "src", "src", "{5C139C9A-98C0-414A-92E5-34003478EAA6}"
EndProject
Project("{FAE04EC0-301F-11D3-BF4B-00C04F79EFBC}") = "Blinq", "src\Blinq\Blinq.csproj", "{5E9D6681-66B2-4757-8F88-5033543EA5FA}"
EndProject
Project("{2150E333-8FDC-42A3-9474-1A3956D46DE8}") = "tests", "tests", "{18FCFD8A-314F-4880-BDCE-AF8B911E60F8}"
EndProject
Project("{FAE04EC0-301F-11D3-BF4B-00C04F79EFBC}") = "Blinq.Tests", "tests\Blinq.Tests\Blinq.Tests.csproj", "{DEFBDCDE-684E-4B4E-86BF-8D1644BE34CA}"
EndProject
Global
	GlobalSection(SolutionConfigurationPlatforms) = preSolution
		Debug|Any CPU = Debug|Any CPU
		Debug|x64 = Debug|x64
		Debug|x86 = Debug|x86
		Release|Any CPU = Release|Any CPU
		Release|x64 = Release|x64
		Release|x86 = Release|x86
	EndGlobalSection
	GlobalSection(SolutionProperties) = preSolution
		HideSolutionNode = FALSE
	EndGlobalSection
	GlobalSection(ProjectConfigurationPlatforms) = postSolution
		{5E9D6681-66B2-4757-8F88-5033543EA5FA}.Debug|Any CPU.ActiveCfg = Debug|Any CPU
		{5E9D6681-66B2-4757-8F88-5033543EA5FA}.Debug|Any CPU.Build.0 = Debug|Any CPU
		{5E9D6681-66B2-4757-8F88-5033543EA5FA}.Debug|x64.ActiveCfg = Debug|Any CPU
		{5E9D6681-66B2-4757-8F88-5033543EA5FA}.Debug|x64.Build.0 = Debug|Any CPU
		{5E9D6681-66B2-4757-8F88-5033543EA5FA}.Debug|x86.ActiveCfg = Debug|Any CPU
		{5E9D6681-66B2-4757-8F88-5033543EA5FA}.Debug|x86.Build.0 = Debug|Any CPU
		{5E9D6681-66B2-4757-8F88-5033543EA5FA}.Release|Any CPU.ActiveCfg = Release|Any CPU
		{5E9D6681-66B2-4757-8F88-5033543EA5FA}.Release|Any CPU.Build.0 = Release|Any CPU
		{5E9D6681-66B2-4757-8F88-5033543EA5FA}.Release|x64.ActiveCfg = Release|Any CPU
		{5E9D6681-66B2-4757-8F88-5033543EA5FA}.Release|x64.Build.0 = Release|Any CPU
		{5E9D6681-66B2-4757-8F88-5033543EA5FA}.Release|x86.ActiveCfg = Release|Any CPU
		{5E9D6681-66B2-4757-8F88-5033543EA5FA}.Release|x86.Build.0 = Release|Any CPU
		{DEFBDCDE-684E-4B4E-86BF-8D1644BE34CA}.Debug|Any CPU.ActiveCfg = Debug|Any CPU
		{DEFBDCDE-684E-4B4E-86BF-8D1644BE34CA}.Debug|Any CPU.Build.0 = Debug|Any CPU
		{DEFBDCDE-684E-4B4E-86BF-8D1644BE34CA}.Debug|x64.ActiveCfg = Debug|Any CPU
		{DEFBDCDE-684E-4B4E-86BF-8D1644BE34CA}.Debug|x64.Build.0 = Debug|Any CPU
		{DEFBDCDE-684E-4B4E-86BF-8D1644BE34CA}.Debug|x86.ActiveCfg = Debug|Any CPU
		{DEFBDCDE-684E-4B4E-86BF-8D1644BE34CA}.Debug|x86.Build.0 = Debug|Any CPU
		{DEFBDCDE-684E-4B4E-86BF-8D1644BE34CA}.Release|Any CPU.ActiveCfg = Release|Any CPU
		{DEFBDCDE-684E-4B4E-86BF-8D1644BE34CA}.Release|Any CPU.Build.0 = Release|Any CPU
		{DEFBDCDE-684E-4B4E-86BF-8D1644BE34CA}.Release|x64.ActiveCfg = Release|Any CPU
		{DEFBDCDE-684E-4B4E-86BF-8D1644BE34CA}.Release|x64.Build.0 = Release|Any CPU
		{DEFBDCDE-684E-4B4E-86BF-8D1644BE34CA}.Release|x86.ActiveCfg = Release|Any CPU
		{DEFBDCDE-684E-4B4E-86BF-8D1644BE34CA}.Release|x86.Build.0 = Release|Any CPU
	EndGlobalSection
	GlobalSection(NestedProjects) = preSolution
		{5E9D6681-66B2-4757-8F88-5033543EA5FA} = {5C139C9A-98C0-414A-92E5-34003478EAA6}
		{DEFBDCDE-684E-4B4E-86BF-8D1644BE34CA} = {18FCFD8A-314F-4880-BDCE-AF8B911E60F8}
	EndGlobalSection
EndGlobal
